{
  "name": "acequill_service",
  "version": "1.0.0",
  "lockfileVersion": 1,
  "requires": true,
  "dependencies": {
    "argparse": {
      "version": "1.0.10",
      "resolved": "https://registry.npmjs.org/argparse/-/argparse-1.0.10.tgz",
      "integrity": "sha512-o5Roy6tNG4SL/FOkCAN6RzjiakZS25RLYFrcMttJqbdd8BWrnA+fGz57iN5Pb06pvBGvl5gQ0B48dJlslXvoTg==",
      "requires": {
        "sprintf-js": "~1.0.2"
      }
    },
    "asterisk-manager": {
      "version": "0.1.16",
      "resolved": "https://registry.npmjs.org/asterisk-manager/-/asterisk-manager-0.1.16.tgz",
      "integrity": "sha512-JxcgSutGhz6B2XtYkqkOI/sRH3hCGHmeNXuqNBw1JMtDMrRzpfuXB0keH4ouRtQPxdb2LIj83RWdR5uVnFim9A=="
    },
    "async": {
      "version": "1.5.2",
      "resolved": "https://registry.npmjs.org/async/-/async-1.5.2.tgz",
      "integrity": "sha1-7GphrlZIDAw8skHJVhjiCJL5Zyo="
    },
    "esprima": {
      "version": "2.7.3",
      "resolved": "https://registry.npmjs.org/esprima/-/esprima-2.7.3.tgz",
      "integrity": "sha1-luO3DVd59q1JzQMmc9HDEnZ7pYE="
    },
    "ini": {
      "version": "1.3.5",
      "resolved": "https://registry.npmjs.org/ini/-/ini-1.3.5.tgz",
      "integrity": "sha512-RZY5huIKCMRWDUqZlEi72f/lmXKMvuszcMBduliQ3nnWbx9X/ZBQO7DijMEYS9EhHBb2qacRUMtC7svLwe0lcw=="
    },
    "js-yaml": {
      "version": "3.5.5",
      "resolved": "https://registry.npmjs.org/js-yaml/-/js-yaml-3.5.5.tgz",
      "integrity": "sha1-A3fDgBfKvHMisNH7zSWkkWQfL74=",
      "requires": {
        "argparse": "^1.0.2",
        "esprima": "^2.6.0"
      }
    },
    "json5": {
      "version": "0.4.0",
      "resolved": "https://registry.npmjs.org/json5/-/json5-0.4.0.tgz",
      "integrity": "sha1-BUNS5MTIDIbAkjh31EneF2pzLI0="
    },
    "lodash": {
      "version": "4.17.10",
      "resolved": "https://registry.npmjs.org/lodash/-/lodash-4.17.10.tgz",
      "integrity": "sha512-UejweD1pDoXu+AD825lWwp4ZGtSwgnpZxb3JDViD7StjQz+Nb/6l093lx4OQ0foGWNRoc19mWy7BzL+UAK2iVg=="
    },
    "properties": {
      "version": "1.2.1",
      "resolved": "https://registry.npmjs.org/properties/-/properties-1.2.1.tgz",
      "integrity": "sha1-Dul6f8AgsaKlW4ZZ7aSqjYaQlL0="
    },
    "read-config": {
      "version": "2.0.0",
      "resolved": "https://registry.npmjs.org/read-config/-/read-config-2.0.0.tgz",
      "integrity": "sha1-VagEKp/AOfJbdDxtVszjOslEXA0=",
      "requires": {
        "async": "~1.5.2",
        "js-yaml": "~3.5.2",
        "json5": "~0.4.0",
        "lodash": "^4.2.1",
        "properties": "~1.2.1"
      }
    },
    "sprintf-js": {
      "version": "1.0.3",
      "resolved": "https://registry.npmjs.org/sprintf-js/-/sprintf-js-1.0.3.tgz",
      "integrity": "sha1-BOaSb2YolTVPPdAVIDYzuFcpfiw="
    }
  }
}
